// !$*UTF8*$!
{
	archiveVersion = 1;
	classes = {
	};
	objectVersion = 56;
	objects = {

/* Begin PBXBuildFile section */
		78B38DB72C47DA9500DD1121 /* App544App.swift in Sources */ = {isa = PBXBuildFile; fileRef = 78B38DB62C47DA9500DD1121 /* App544App.swift */; };
		78B38DB92C47DA9500DD1121 /* ContentView.swift in Sources */ = {isa = PBXBuildFile; fileRef = 78B38DB82C47DA9500DD1121 /* ContentView.swift */; };
		78B38DBB2C47DA9700DD1121 /* Assets.xcassets in Resources */ = {isa = PBXBuildFile; fileRef = 78B38DBA2C47DA9700DD1121 /* Assets.xcassets */; };
		78B38DBF2C47DA9700DD1121 /* Preview Assets.xcassets in Resources */ = {isa = PBXBuildFile; fileRef = 78B38DBE2C47DA9700DD1121 /* Preview Assets.xcassets */; };
		78B38DCF2C47DC5300DD1121 /* CoreDataStack.swift in Sources */ = {isa = PBXBuildFile; fileRef = 78B38DCE2C47DC5300DD1121 /* CoreDataStack.swift */; };
		78B38DD12C47DC5A00DD1121 /* Array.swift in Sources */ = {isa = PBXBuildFile; fileRef = 78B38DD02C47DC5A00DD1121 /* Array.swift */; };
		78B38DD32C47DC6100DD1121 /* TabBar.swift in Sources */ = {isa = PBXBuildFile; fileRef = 78B38DD22C47DC6100DD1121 /* TabBar.swift */; };
		78B38DD52C47DC6900DD1121 /* LoadingView.swift in Sources */ = {isa = PBXBuildFile; fileRef = 78B38DD42C47DC6900DD1121 /* LoadingView.swift */; };
		78B38DD72C47DC6E00DD1121 /* R1.swift in Sources */ = {isa = PBXBuildFile; fileRef = 78B38DD62C47DC6E00DD1121 /* R1.swift */; };
		78B38DD92C47DC7300DD1121 /* R2.swift in Sources */ = {isa = PBXBuildFile; fileRef = 78B38DD82C47DC7300DD1121 /* R2.swift */; };
		78B38DDB2C47DC7800DD1121 /* U1.swift in Sources */ = {isa = PBXBuildFile; fileRef = 78B38DDA2C47DC7800DD1121 /* U1.swift */; };
		78B38DDD2C47DC8400DD1121 /* Reviews.swift in Sources */ = {isa = PBXBuildFile; fileRef = 78B38DDC2C47DC8400DD1121 /* Reviews.swift */; };
		78B38DE02C47DC9100DD1121 /* Join.swift in Sources */ = {isa = PBXBuildFile; fileRef = 78B38DDF2C47DC9100DD1121 /* Join.swift */; };
		78B38DE22C47DC9500DD1121 /* Not.swift in Sources */ = {isa = PBXBuildFile; fileRef = 78B38DE12C47DC9500DD1121 /* Not.swift */; };
		78B38DE72C47DCBF00DD1121 /* ProjectView.swift in Sources */ = {isa = PBXBuildFile; fileRef = 78B38DE62C47DCBF00DD1121 /* ProjectView.swift */; };
		78B38DE92C47DCD400DD1121 /* ExpensiveView.swift in Sources */ = {isa = PBXBuildFile; fileRef = 78B38DE82C47DCD400DD1121 /* ExpensiveView.swift */; };
		78B38DEB2C47DCDD00DD1121 /* SettingsView.swift in Sources */ = {isa = PBXBuildFile; fileRef = 78B38DEA2C47DCDD00DD1121 /* SettingsView.swift */; };
		78B38DED2C47DCE600DD1121 /* Launch Screen.storyboard in Resources */ = {isa = PBXBuildFile; fileRef = 78B38DEC2C47DCE600DD1121 /* Launch Screen.storyboard */; };
		78B38DEF2C47E19A00DD1121 /* ProjectViewModel.swift in Sources */ = {isa = PBXBuildFile; fileRef = 78B38DEE2C47E19A00DD1121 /* ProjectViewModel.swift */; };
		78B38DF22C47E1E000DD1121 /* CoreModel.xcdatamodeld in Sources */ = {isa = PBXBuildFile; fileRef = 78B38DF02C47E1E000DD1121 /* CoreModel.xcdatamodeld */; };
		78B38DF52C48174B00DD1121 /* AddProject.swift in Sources */ = {isa = PBXBuildFile; fileRef = 78B38DF42C48174B00DD1121 /* AddProject.swift */; };
		78B38DF92C48384E00DD1121 /* ExpensiveViewModel.swift in Sources */ = {isa = PBXBuildFile; fileRef = 78B38DF82C48384E00DD1121 /* ExpensiveViewModel.swift */; };
		78D2B9E52C53FC42003AFD36 /* s.swift in Sources */ = {isa = PBXBuildFile; fileRef = 78D2B9E42C53FC42003AFD36 /* s.swift */; };
		78D2B9E72C53FC47003AFD36 /* d.swift in Sources */ = {isa = PBXBuildFile; fileRef = 78D2B9E62C53FC47003AFD36 /* d.swift */; };
		78D2B9E92C53FC4C003AFD36 /* w.swift in Sources */ = {isa = PBXBuildFile; fileRef = 78D2B9E82C53FC4C003AFD36 /* w.swift */; };
		78D2B9EC2C53FCEF003AFD36 /* YandexMobileMetrica in Frameworks */ = {isa = PBXBuildFile; productRef = 78D2B9EB2C53FCEF003AFD36 /* YandexMobileMetrica */; };
		78D2B9EE2C53FCEF003AFD36 /* YandexMobileMetricaCrashes in Frameworks */ = {isa = PBXBuildFile; productRef = 78D2B9ED2C53FCEF003AFD36 /* YandexMobileMetricaCrashes */; };
		78D2B9F12C53FD02003AFD36 /* ApphudSDK in Frameworks */ = {isa = PBXBuildFile; productRef = 78D2B9F02C53FD02003AFD36 /* ApphudSDK */; };
/* End PBXBuildFile section */

/* Begin PBXFileReference section */
		78B38DB32C47DA9500DD1121 /* App544.app */ = {isa = PBXFileReference; explicitFileType = wrapper.application; includeInIndex = 0; path = App544.app; sourceTree = BUILT_PRODUCTS_DIR; };
		78B38DB62C47DA9500DD1121 /* App544App.swift */ = {isa = PBXFileReference; lastKnownFileType = sourcecode.swift; path = App544App.swift; sourceTree = "<group>"; };
		78B38DB82C47DA9500DD1121 /* ContentView.swift */ = {isa = PBXFileReference; lastKnownFileType = sourcecode.swift; path = ContentView.swift; sourceTree = "<group>"; };
		78B38DBA2C47DA9700DD1121 /* Assets.xcassets */ = {isa = PBXFileReference; lastKnownFileType = folder.assetcatalog; path = Assets.xcassets; sourceTree = "<group>"; };
		78B38DBC2C47DA9700DD1121 /* App544.entitlements */ = {isa = PBXFileReference; lastKnownFileType = text.plist.entitlements; path = App544.entitlements; sourceTree = "<group>"; };
		78B38DBE2C47DA9700DD1121 /* Preview Assets.xcassets */ = {isa = PBXFileReference; lastKnownFileType = folder.assetcatalog; path = "Preview Assets.xcassets"; sourceTree = "<group>"; };
		78B38DCE2C47DC5300DD1121 /* CoreDataStack.swift */ = {isa = PBXFileReference; lastKnownFileType = sourcecode.swift; path = CoreDataStack.swift; sourceTree = "<group>"; };
		78B38DD02C47DC5A00DD1121 /* Array.swift */ = {isa = PBXFileReference; lastKnownFileType = sourcecode.swift; path = Array.swift; sourceTree = "<group>"; };
		78B38DD22C47DC6100DD1121 /* TabBar.swift */ = {isa = PBXFileReference; lastKnownFileType = sourcecode.swift; path = TabBar.swift; sourceTree = "<group>"; };
		78B38DD42C47DC6900DD1121 /* LoadingView.swift */ = {isa = PBXFileReference; lastKnownFileType = sourcecode.swift; path = LoadingView.swift; sourceTree = "<group>"; };
		78B38DD62C47DC6E00DD1121 /* R1.swift */ = {isa = PBXFileReference; lastKnownFileType = sourcecode.swift; path = R1.swift; sourceTree = "<group>"; };
		78B38DD82C47DC7300DD1121 /* R2.swift */ = {isa = PBXFileReference; lastKnownFileType = sourcecode.swift; path = R2.swift; sourceTree = "<group>"; };
		78B38DDA2C47DC7800DD1121 /* U1.swift */ = {isa = PBXFileReference; lastKnownFileType = sourcecode.swift; path = U1.swift; sourceTree = "<group>"; };
		78B38DDC2C47DC8400DD1121 /* Reviews.swift */ = {isa = PBXFileReference; lastKnownFileType = sourcecode.swift; path = Reviews.swift; sourceTree = "<group>"; };
		78B38DDF2C47DC9100DD1121 /* Join.swift */ = {isa = PBXFileReference; lastKnownFileType = sourcecode.swift; path = Join.swift; sourceTree = "<group>"; };
		78B38DE12C47DC9500DD1121 /* Not.swift */ = {isa = PBXFileReference; lastKnownFileType = sourcecode.swift; path = Not.swift; sourceTree = "<group>"; };
		78B38DE62C47DCBF00DD1121 /* ProjectView.swift */ = {isa = PBXFileReference; lastKnownFileType = sourcecode.swift; path = ProjectView.swift; sourceTree = "<group>"; };
		78B38DE82C47DCD400DD1121 /* ExpensiveView.swift */ = {isa = PBXFileReference; lastKnownFileType = sourcecode.swift; path = ExpensiveView.swift; sourceTree = "<group>"; };
		78B38DEA2C47DCDD00DD1121 /* SettingsView.swift */ = {isa = PBXFileReference; lastKnownFileType = sourcecode.swift; path = SettingsView.swift; sourceTree = "<group>"; };
		78B38DEC2C47DCE600DD1121 /* Launch Screen.storyboard */ = {isa = PBXFileReference; lastKnownFileType = file.storyboard; path = "Launch Screen.storyboard"; sourceTree = "<group>"; };
		78B38DEE2C47E19A00DD1121 /* ProjectViewModel.swift */ = {isa = PBXFileReference; lastKnownFileType = sourcecode.swift; path = ProjectViewModel.swift; sourceTree = "<group>"; };
		78B38DF12C47E1E000DD1121 /* CoreModel.xcdatamodel */ = {isa = PBXFileReference; lastKnownFileType = wrapper.xcdatamodel; path = CoreModel.xcdatamodel; sourceTree = "<group>"; };
		78B38DF42C48174B00DD1121 /* AddProject.swift */ = {isa = PBXFileReference; lastKnownFileType = sourcecode.swift; path = AddProject.swift; sourceTree = "<group>"; };
		78B38DF82C48384E00DD1121 /* ExpensiveViewModel.swift */ = {isa = PBXFileReference; lastKnownFileType = sourcecode.swift; path = ExpensiveViewModel.swift; sourceTree = "<group>"; };
		78D2B9E42C53FC42003AFD36 /* s.swift */ = {isa = PBXFileReference; lastKnownFileType = sourcecode.swift; path = s.swift; sourceTree = "<group>"; };
		78D2B9E62C53FC47003AFD36 /* d.swift */ = {isa = PBXFileReference; lastKnownFileType = sourcecode.swift; path = d.swift; sourceTree = "<group>"; };
		78D2B9E82C53FC4C003AFD36 /* w.swift */ = {isa = PBXFileReference; lastKnownFileType = sourcecode.swift; path = w.swift; sourceTree = "<group>"; };
/* End PBXFileReference section */

/* Begin PBXFrameworksBuildPhase section */
		78B38DB02C47DA9500DD1121 /* Frameworks */ = {
			isa = PBXFrameworksBuildPhase;
			buildActionMask = 2147483647;
			files = (
				78D2B9F12C53FD02003AFD36 /* ApphudSDK in Frameworks */,
				78D2B9EC2C53FCEF003AFD36 /* YandexMobileMetrica in Frameworks */,
				78D2B9EE2C53FCEF003AFD36 /* YandexMobileMetricaCrashes in Frameworks */,
			);
			runOnlyForDeploymentPostprocessing = 0;
		};
/* End PBXFrameworksBuildPhase section */

/* Begin PBXGroup section */
		78B38DAA2C47DA9500DD1121 = {
			isa = PBXGroup;
			children = (
				78B38DB52C47DA9500DD1121 /* App544 */,
				78B38DB42C47DA9500DD1121 /* Products */,
			);
			sourceTree = "<group>";
		};
		78B38DB42C47DA9500DD1121 /* Products */ = {
			isa = PBXGroup;
			children = (
				78B38DB32C47DA9500DD1121 /* App544.app */,
			);
			name = Products;
			sourceTree = "<group>";
		};
		78B38DB52C47DA9500DD1121 /* App544 */ = {
			isa = PBXGroup;
			children = (
				78B38DC52C47DC1A00DD1121 /* Project */,
				78B38DB62C47DA9500DD1121 /* App544App.swift */,
				78B38DB82C47DA9500DD1121 /* ContentView.swift */,
				78B38DBA2C47DA9700DD1121 /* Assets.xcassets */,
				78B38DBC2C47DA9700DD1121 /* App544.entitlements */,
				78B38DBD2C47DA9700DD1121 /* Preview Content */,
			);
			path = App544;
			sourceTree = "<group>";
		};
		78B38DBD2C47DA9700DD1121 /* Preview Content */ = {
			isa = PBXGroup;
			children = (
				78B38DBE2C47DA9700DD1121 /* Preview Assets.xcassets */,
			);
			path = "Preview Content";
			sourceTree = "<group>";
		};
		78B38DC52C47DC1A00DD1121 /* Project */ = {
			isa = PBXGroup;
			children = (
				78B38DC92C47DC3100DD1121 /* Views */,
				78B38DC82C47DC2C00DD1121 /* TabBar */,
				78B38DC72C47DC2600DD1121 /* Extensions */,
				78B38DC62C47DC2000DD1121 /* Start */,
			);
			path = Project;
			sourceTree = "<group>";
		};
		78B38DC62C47DC2000DD1121 /* Start */ = {
			isa = PBXGroup;
			children = (
				78B38DCD2C47DC4700DD1121 /* R */,
				78B38DCC2C47DC4300DD1121 /* U */,
				78B38DCB2C47DC3E00DD1121 /* Loading */,
				78B38DCA2C47DC3800DD1121 /* Launch */,
			);
			path = Start;
			sourceTree = "<group>";
		};
		78B38DC72C47DC2600DD1121 /* Extensions */ = {
			isa = PBXGroup;
			children = (
				78B38DCE2C47DC5300DD1121 /* CoreDataStack.swift */,
				78B38DD02C47DC5A00DD1121 /* Array.swift */,
				78B38DF02C47E1E000DD1121 /* CoreModel.xcdatamodeld */,
				78D2B9E42C53FC42003AFD36 /* s.swift */,
				78D2B9E62C53FC47003AFD36 /* d.swift */,
				78D2B9E82C53FC4C003AFD36 /* w.swift */,
			);
			path = Extensions;
			sourceTree = "<group>";
		};
		78B38DC82C47DC2C00DD1121 /* TabBar */ = {
			isa = PBXGroup;
			children = (
				78B38DD22C47DC6100DD1121 /* TabBar.swift */,
			);
			path = TabBar;
			sourceTree = "<group>";
		};
		78B38DC92C47DC3100DD1121 /* Views */ = {
			isa = PBXGroup;
			children = (
				78B38DE52C47DCB100DD1121 /* Settings */,
				78B38DE42C47DCA400DD1121 /* Expensive */,
				78B38DE32C47DC9D00DD1121 /* MyProject */,
			);
			path = Views;
			sourceTree = "<group>";
		};
		78B38DCA2C47DC3800DD1121 /* Launch */ = {
			isa = PBXGroup;
			children = (
				78B38DEC2C47DCE600DD1121 /* Launch Screen.storyboard */,
			);
			path = Launch;
			sourceTree = "<group>";
		};
		78B38DCB2C47DC3E00DD1121 /* Loading */ = {
			isa = PBXGroup;
			children = (
				78B38DD42C47DC6900DD1121 /* LoadingView.swift */,
			);
			path = Loading;
			sourceTree = "<group>";
		};
		78B38DCC2C47DC4300DD1121 /* U */ = {
			isa = PBXGroup;
			children = (
				78B38DDA2C47DC7800DD1121 /* U1.swift */,
				78B38DDC2C47DC8400DD1121 /* Reviews.swift */,
				78B38DDF2C47DC9100DD1121 /* Join.swift */,
				78B38DE12C47DC9500DD1121 /* Not.swift */,
			);
			path = U;
			sourceTree = "<group>";
		};
		78B38DCD2C47DC4700DD1121 /* R */ = {
			isa = PBXGroup;
			children = (
				78B38DD62C47DC6E00DD1121 /* R1.swift */,
				78B38DD82C47DC7300DD1121 /* R2.swift */,
			);
			path = R;
			sourceTree = "<group>";
		};
		78B38DE32C47DC9D00DD1121 /* MyProject */ = {
			isa = PBXGroup;
			children = (
				78B38DF32C48173400DD1121 /* AddProject */,
				78B38DE62C47DCBF00DD1121 /* ProjectView.swift */,
				78B38DEE2C47E19A00DD1121 /* ProjectViewModel.swift */,
			);
			path = MyProject;
			sourceTree = "<group>";
		};
		78B38DE42C47DCA400DD1121 /* Expensive */ = {
			isa = PBXGroup;
			children = (
				78B38DE82C47DCD400DD1121 /* ExpensiveView.swift */,
				78B38DF82C48384E00DD1121 /* ExpensiveViewModel.swift */,
			);
			path = Expensive;
			sourceTree = "<group>";
		};
		78B38DE52C47DCB100DD1121 /* Settings */ = {
			isa = PBXGroup;
			children = (
				78B38DEA2C47DCDD00DD1121 /* SettingsView.swift */,
			);
			path = Settings;
			sourceTree = "<group>";
		};
		78B38DF32C48173400DD1121 /* AddProject */ = {
			isa = PBXGroup;
			children = (
				78B38DF42C48174B00DD1121 /* AddProject.swift */,
			);
			path = AddProject;
			sourceTree = "<group>";
		};
/* End PBXGroup section */

/* Begin PBXNativeTarget section */
		78B38DB22C47DA9500DD1121 /* App544 */ = {
			isa = PBXNativeTarget;
			buildConfigurationList = 78B38DC22C47DA9700DD1121 /* Build configuration list for PBXNativeTarget "App544" */;
			buildPhases = (
				78B38DAF2C47DA9500DD1121 /* Sources */,
				78B38DB02C47DA9500DD1121 /* Frameworks */,
				78B38DB12C47DA9500DD1121 /* Resources */,
			);
			buildRules = (
			);
			dependencies = (
			);
			name = App544;
			packageProductDependencies = (
				78D2B9EB2C53FCEF003AFD36 /* YandexMobileMetrica */,
				78D2B9ED2C53FCEF003AFD36 /* YandexMobileMetricaCrashes */,
				78D2B9F02C53FD02003AFD36 /* ApphudSDK */,
			);
			productName = App544;
			productReference = 78B38DB32C47DA9500DD1121 /* App544.app */;
			productType = "com.apple.product-type.application";
		};
/* End PBXNativeTarget section */

/* Begin PBXProject section */
		78B38DAB2C47DA9500DD1121 /* Project object */ = {
			isa = PBXProject;
			attributes = {
				BuildIndependentTargetsInParallel = 1;
				LastSwiftUpdateCheck = 1540;
				LastUpgradeCheck = 1540;
				TargetAttributes = {
					78B38DB22C47DA9500DD1121 = {
						CreatedOnToolsVersion = 15.4;
					};
				};
			};
			buildConfigurationList = 78B38DAE2C47DA9500DD1121 /* Build configuration list for PBXProject "App544" */;
			compatibilityVersion = "Xcode 14.0";
			developmentRegion = en;
			hasScannedForEncodings = 0;
			knownRegions = (
				en,
				Base,
			);
			mainGroup = 78B38DAA2C47DA9500DD1121;
			packageReferences = (
				78D2B9EA2C53FCEF003AFD36 /* XCRemoteSwiftPackageReference "metrica-sdk-ios" */,
				78D2B9EF2C53FD02003AFD36 /* XCRemoteSwiftPackageReference "ApphudSDK" */,
			);
			productRefGroup = 78B38DB42C47DA9500DD1121 /* Products */;
			projectDirPath = "";
			projectRoot = "";
			targets = (
				78B38DB22C47DA9500DD1121 /* App544 */,
			);
		};
/* End PBXProject section */

/* Begin PBXResourcesBuildPhase section */
		78B38DB12C47DA9500DD1121 /* Resources */ = {
			isa = PBXResourcesBuildPhase;
			buildActionMask = 2147483647;
			files = (
				78B38DED2C47DCE600DD1121 /* Launch Screen.storyboard in Resources */,
				78B38DBF2C47DA9700DD1121 /* Preview Assets.xcassets in Resources */,
				78B38DBB2C47DA9700DD1121 /* Assets.xcassets in Resources */,
			);
			runOnlyForDeploymentPostprocessing = 0;
		};
/* End PBXResourcesBuildPhase section */

/* Begin PBXSourcesBuildPhase section */
		78B38DAF2C47DA9500DD1121 /* Sources */ = {
			isa = PBXSourcesBuildPhase;
			buildActionMask = 2147483647;
			files = (
				78B38DEB2C47DCDD00DD1121 /* SettingsView.swift in Sources */,
				78D2B9E52C53FC42003AFD36 /* s.swift in Sources */,
				78B38DD72C47DC6E00DD1121 /* R1.swift in Sources */,
				78B38DE22C47DC9500DD1121 /* Not.swift in Sources */,
				78B38DE02C47DC9100DD1121 /* Join.swift in Sources */,
				78B38DEF2C47E19A00DD1121 /* ProjectViewModel.swift in Sources */,
				78D2B9E72C53FC47003AFD36 /* d.swift in Sources */,
				78B38DDD2C47DC8400DD1121 /* Reviews.swift in Sources */,
				78B38DCF2C47DC5300DD1121 /* CoreDataStack.swift in Sources */,
				78B38DDB2C47DC7800DD1121 /* U1.swift in Sources */,
				78B38DD12C47DC5A00DD1121 /* Array.swift in Sources */,
				78B38DF52C48174B00DD1121 /* AddProject.swift in Sources */,
				78B38DB92C47DA9500DD1121 /* ContentView.swift in Sources */,
				78B38DF92C48384E00DD1121 /* ExpensiveViewModel.swift in Sources */,
				78B38DB72C47DA9500DD1121 /* App544App.swift in Sources */,
				78B38DD32C47DC6100DD1121 /* TabBar.swift in Sources */,
				78B38DF22C47E1E000DD1121 /* CoreModel.xcdatamodeld in Sources */,
				78D2B9E92C53FC4C003AFD36 /* w.swift in Sources */,
				78B38DE92C47DCD400DD1121 /* ExpensiveView.swift in Sources */,
				78B38DD52C47DC6900DD1121 /* LoadingView.swift in Sources */,
				78B38DD92C47DC7300DD1121 /* R2.swift in Sources */,
				78B38DE72C47DCBF00DD1121 /* ProjectView.swift in Sources */,
			);
			runOnlyForDeploymentPostprocessing = 0;
		};
/* End PBXSourcesBuildPhase section */

/* Begin XCBuildConfiguration section */
		78B38DC02C47DA9700DD1121 /* Debug */ = {
			isa = XCBuildConfiguration;
			buildSettings = {
				ALWAYS_SEARCH_USER_PATHS = NO;
				ASSETCATALOG_COMPILER_GENERATE_SWIFT_ASSET_SYMBOL_EXTENSIONS = YES;
				CLANG_ANALYZER_NONNULL = YES;
				CLANG_ANALYZER_NUMBER_OBJECT_CONVERSION = YES_AGGRESSIVE;
				CLANG_CXX_LANGUAGE_STANDARD = "gnu++20";
				CLANG_ENABLE_MODULES = YES;
				CLANG_ENABLE_OBJC_ARC = YES;
				CLANG_ENABLE_OBJC_WEAK = YES;
				CLANG_WARN_BLOCK_CAPTURE_AUTORELEASING = YES;
				CLANG_WARN_BOOL_CONVERSION = YES;
				CLANG_WARN_COMMA = YES;
				CLANG_WARN_CONSTANT_CONVERSION = YES;
				CLANG_WARN_DEPRECATED_OBJC_IMPLEMENTATIONS = YES;
				CLANG_WARN_DIRECT_OBJC_ISA_USAGE = YES_ERROR;
				CLANG_WARN_DOCUMENTATION_COMMENTS = YES;
				CLANG_WARN_EMPTY_BODY = YES;
				CLANG_WARN_ENUM_CONVERSION = YES;
				CLANG_WARN_INFINITE_RECURSION = YES;
				CLANG_WARN_INT_CONVERSION = YES;
				CLANG_WARN_NON_LITERAL_NULL_CONVERSION = YES;
				CLANG_WARN_OBJC_IMPLICIT_RETAIN_SELF = YES;
				CLANG_WARN_OBJC_LITERAL_CONVERSION = YES;
				CLANG_WARN_OBJC_ROOT_CLASS = YES_ERROR;
				CLANG_WARN_QUOTED_INCLUDE_IN_FRAMEWORK_HEADER = YES;
				CLANG_WARN_RANGE_LOOP_ANALYSIS = YES;
				CLANG_WARN_STRICT_PROTOTYPES = YES;
				CLANG_WARN_SUSPICIOUS_MOVE = YES;
				CLANG_WARN_UNGUARDED_AVAILABILITY = YES_AGGRESSIVE;
				CLANG_WARN_UNREACHABLE_CODE = YES;
				CLANG_WARN__DUPLICATE_METHOD_MATCH = YES;
				COPY_PHASE_STRIP = NO;
				DEBUG_INFORMATION_FORMAT = dwarf;
				ENABLE_STRICT_OBJC_MSGSEND = YES;
				ENABLE_TESTABILITY = YES;
				ENABLE_USER_SCRIPT_SANDBOXING = YES;
				GCC_C_LANGUAGE_STANDARD = gnu17;
				GCC_DYNAMIC_NO_PIC = NO;
				GCC_NO_COMMON_BLOCKS = YES;
				GCC_OPTIMIZATION_LEVEL = 0;
				GCC_PREPROCESSOR_DEFINITIONS = (
					"DEBUG=1",
					"$(inherited)",
				);
				GCC_WARN_64_TO_32_BIT_CONVERSION = YES;
				GCC_WARN_ABOUT_RETURN_TYPE = YES_ERROR;
				GCC_WARN_UNDECLARED_SELECTOR = YES;
				GCC_WARN_UNINITIALIZED_AUTOS = YES_AGGRESSIVE;
				GCC_WARN_UNUSED_FUNCTION = YES;
				GCC_WARN_UNUSED_VARIABLE = YES;
				LOCALIZATION_PREFERS_STRING_CATALOGS = YES;
				MTL_ENABLE_DEBUG_INFO = INCLUDE_SOURCE;
				MTL_FAST_MATH = YES;
				ONLY_ACTIVE_ARCH = YES;
				SWIFT_ACTIVE_COMPILATION_CONDITIONS = "DEBUG $(inherited)";
				SWIFT_OPTIMIZATION_LEVEL = "-Onone";
			};
			name = Debug;
		};
		78B38DC12C47DA9700DD1121 /* Release */ = {
			isa = XCBuildConfiguration;
			buildSettings = {
				ALWAYS_SEARCH_USER_PATHS = NO;
				ASSETCATALOG_COMPILER_GENERATE_SWIFT_ASSET_SYMBOL_EXTENSIONS = YES;
				CLANG_ANALYZER_NONNULL = YES;
				CLANG_ANALYZER_NUMBER_OBJECT_CONVERSION = YES_AGGRESSIVE;
				CLANG_CXX_LANGUAGE_STANDARD = "gnu++20";
				CLANG_ENABLE_MODULES = YES;
				CLANG_ENABLE_OBJC_ARC = YES;
				CLANG_ENABLE_OBJC_WEAK = YES;
				CLANG_WARN_BLOCK_CAPTURE_AUTORELEASING = YES;
				CLANG_WARN_BOOL_CONVERSION = YES;
				CLANG_WARN_COMMA = YES;
				CLANG_WARN_CONSTANT_CONVERSION = YES;
				CLANG_WARN_DEPRECATED_OBJC_IMPLEMENTATIONS = YES;
				CLANG_WARN_DIRECT_OBJC_ISA_USAGE = YES_ERROR;
				CLANG_WARN_DOCUMENTATION_COMMENTS = YES;
				CLANG_WARN_EMPTY_BODY = YES;
				CLANG_WARN_ENUM_CONVERSION = YES;
				CLANG_WARN_INFINITE_RECURSION = YES;
				CLANG_WARN_INT_CONVERSION = YES;
				CLANG_WARN_NON_LITERAL_NULL_CONVERSION = YES;
				CLANG_WARN_OBJC_IMPLICIT_RETAIN_SELF = YES;
				CLANG_WARN_OBJC_LITERAL_CONVERSION = YES;
				CLANG_WARN_OBJC_ROOT_CLASS = YES_ERROR;
				CLANG_WARN_QUOTED_INCLUDE_IN_FRAMEWORK_HEADER = YES;
				CLANG_WARN_RANGE_LOOP_ANALYSIS = YES;
				CLANG_WARN_STRICT_PROTOTYPES = YES;
				CLANG_WARN_SUSPICIOUS_MOVE = YES;
				CLANG_WARN_UNGUARDED_AVAILABILITY = YES_AGGRESSIVE;
				CLANG_WARN_UNREACHABLE_CODE = YES;
				CLANG_WARN__DUPLICATE_METHOD_MATCH = YES;
				COPY_PHASE_STRIP = NO;
				DEBUG_INFORMATION_FORMAT = "dwarf-with-dsym";
				ENABLE_NS_ASSERTIONS = NO;
				ENABLE_STRICT_OBJC_MSGSEND = YES;
				ENABLE_USER_SCRIPT_SANDBOXING = YES;
				GCC_C_LANGUAGE_STANDARD = gnu17;
				GCC_NO_COMMON_BLOCKS = YES;
				GCC_WARN_64_TO_32_BIT_CONVERSION = YES;
				GCC_WARN_ABOUT_RETURN_TYPE = YES_ERROR;
				GCC_WARN_UNDECLARED_SELECTOR = YES;
				GCC_WARN_UNINITIALIZED_AUTOS = YES_AGGRESSIVE;
				GCC_WARN_UNUSED_FUNCTION = YES;
				GCC_WARN_UNUSED_VARIABLE = YES;
				LOCALIZATION_PREFERS_STRING_CATALOGS = YES;
				MTL_ENABLE_DEBUG_INFO = NO;
				MTL_FAST_MATH = YES;
				SWIFT_COMPILATION_MODE = wholemodule;
			};
			name = Release;
		};
		78B38DC32C47DA9700DD1121 /* Debug */ = {
			isa = XCBuildConfiguration;
			buildSettings = {
				ASSETCATALOG_COMPILER_APPICON_NAME = AppIcon;
				ASSETCATALOG_COMPILER_GLOBAL_ACCENT_COLOR_NAME = AccentColor;
				CODE_SIGN_ENTITLEMENTS = App544/App544.entitlements;
				CODE_SIGN_STYLE = Automatic;
				CURRENT_PROJECT_VERSION = 1;
				DEVELOPMENT_ASSET_PATHS = "\"App544/Preview Content\"";
				ENABLE_PREVIEWS = YES;
				GENERATE_INFOPLIST_FILE = YES;
				INFOPLIST_KEY_CFBundleDisplayName = "r7 Lumina Game";
				"INFOPLIST_KEY_UIApplicationSceneManifest_Generation[sdk=iphoneos*]" = YES;
				"INFOPLIST_KEY_UIApplicationSceneManifest_Generation[sdk=iphonesimulator*]" = YES;
				"INFOPLIST_KEY_UIApplicationSupportsIndirectInputEvents[sdk=iphoneos*]" = YES;
				"INFOPLIST_KEY_UIApplicationSupportsIndirectInputEvents[sdk=iphonesimulator*]" = YES;
				"INFOPLIST_KEY_UILaunchScreen_Generation[sdk=iphoneos*]" = YES;
				"INFOPLIST_KEY_UILaunchScreen_Generation[sdk=iphonesimulator*]" = YES;
				INFOPLIST_KEY_UILaunchStoryboardName = "Launch Screen.storyboard";
				"INFOPLIST_KEY_UIStatusBarStyle[sdk=iphoneos*]" = UIStatusBarStyleDefault;
				"INFOPLIST_KEY_UIStatusBarStyle[sdk=iphonesimulator*]" = UIStatusBarStyleDefault;
				INFOPLIST_KEY_UISupportedInterfaceOrientations = UIInterfaceOrientationPortrait;
				INFOPLIST_KEY_UISupportedInterfaceOrientations_iPad = "UIInterfaceOrientationLandscapeLeft UIInterfaceOrientationLandscapeRight UIInterfaceOrientationPortrait UIInterfaceOrientationPortraitUpsideDown";
				IPHONEOS_DEPLOYMENT_TARGET = 14.0;
				LD_RUNPATH_SEARCH_PATHS = "@executable_path/Frameworks";
				"LD_RUNPATH_SEARCH_PATHS[sdk=macosx*]" = "@executable_path/../Frameworks";
				MACOSX_DEPLOYMENT_TARGET = 14.1;
				MARKETING_VERSION = 1.1;
				PRODUCT_BUNDLE_IDENTIFIER = IOI.App544;
				PRODUCT_NAME = "$(TARGET_NAME)";
				SDKROOT = auto;
				SUPPORTED_PLATFORMS = "iphoneos iphonesimulator";
				SUPPORTS_MACCATALYST = NO;
				SWIFT_EMIT_LOC_STRINGS = YES;
				SWIFT_VERSION = 5.0;
				TARGETED_DEVICE_FAMILY = 1;
			};
			name = Debug;
		};
		78B38DC42C47DA9700DD1121 /* Release */ = {
			isa = XCBuildConfiguration;
			buildSettings = {
				ASSETCATALOG_COMPILER_APPICON_NAME = AppIcon;
				ASSETCATALOG_COMPILER_GLOBAL_ACCENT_COLOR_NAME = AccentColor;
				CODE_SIGN_ENTITLEMENTS = App544/App544.entitlements;
				CODE_SIGN_STYLE = Automatic;
				CURRENT_PROJECT_VERSION = 1;
				DEVELOPMENT_ASSET_PATHS = "\"App544/Preview Content\"";
				ENABLE_PREVIEWS = YES;
				GENERATE_INFOPLIST_FILE = YES;
				INFOPLIST_KEY_CFBundleDisplayName = "r7 Lumina Game";
				"INFOPLIST_KEY_UIApplicationSceneManifest_Generation[sdk=iphoneos*]" = YES;
				"INFOPLIST_KEY_UIApplicationSceneManifest_Generation[sdk=iphonesimulator*]" = YES;
				"INFOPLIST_KEY_UIApplicationSupportsIndirectInputEvents[sdk=iphoneos*]" = YES;
				"INFOPLIST_KEY_UIApplicationSupportsIndirectInputEvents[sdk=iphonesimulator*]" = YES;
				"INFOPLIST_KEY_UILaunchScreen_Generation[sdk=iphoneos*]" = YES;
				"INFOPLIST_KEY_UILaunchScreen_Generation[sdk=iphonesimulator*]" = YES;
				INFOPLIST_KEY_UILaunchStoryboardName = "Launch Screen.storyboard";
				"INFOPLIST_KEY_UIStatusBarStyle[sdk=iphoneos*]" = UIStatusBarStyleDefault;
				"INFOPLIST_KEY_UIStatusBarStyle[sdk=iphonesimulator*]" = UIStatusBarStyleDefault;
				INFOPLIST_KEY_UISupportedInterfaceOrientations = UIInterfaceOrientationPortrait;
				INFOPLIST_KEY_UISupportedInterfaceOrientations_iPad = "UIInterfaceOrientationLandscapeLeft UIInterfaceOrientationLandscapeRight UIInterfaceOrientationPortrait UIInterfaceOrientationPortraitUpsideDown";
				IPHONEOS_DEPLOYMENT_TARGET = 14.0;
				LD_RUNPATH_SEARCH_PATHS = "@executable_path/Frameworks";
				"LD_RUNPATH_SEARCH_PATHS[sdk=macosx*]" = "@executable_path/../Frameworks";
				MACOSX_DEPLOYMENT_TARGET = 14.1;
				MARKETING_VERSION = 1.1;
				PRODUCT_BUNDLE_IDENTIFIER = IOI.App544;
				PRODUCT_NAME = "$(TARGET_NAME)";
				SDKROOT = auto;
				SUPPORTED_PLATFORMS = "iphoneos iphonesimulator";
				SUPPORTS_MACCATALYST = NO;
				SWIFT_EMIT_LOC_STRINGS = YES;
				SWIFT_VERSION = 5.0;
				TARGETED_DEVICE_FAMILY = 1;
			};
			name = Release;
		};
/* End XCBuildConfiguration section */

/* Begin XCConfigurationList section */
		78B38DAE2C47DA9500DD1121 /* Build configuration list for PBXProject "App544" */ = {
			isa = XCConfigurationList;
			buildConfigurations = (
				78B38DC02C47DA9700DD1121 /* Debug */,
				78B38DC12C47DA9700DD1121 /* Release */,
			);
			defaultConfigurationIsVisible = 0;
			defaultConfigurationName = Release;
		};
		78B38DC22C47DA9700DD1121 /* Build configuration list for PBXNativeTarget "App544" */ = {
			isa = XCConfigurationList;
			buildConfigurations = (
				78B38DC32C47DA9700DD1121 /* Debug */,
				78B38DC42C47DA9700DD1121 /* Release */,
			);
			defaultConfigurationIsVisible = 0;
			defaultConfigurationName = Release;
		};
/* End XCConfigurationList section */

/* Begin XCRemoteSwiftPackageReference section */
		78D2B9EA2C53FCEF003AFD36 /* XCRemoteSwiftPackageReference "metrica-sdk-ios" */ = {
			isa = XCRemoteSwiftPackageReference;
			repositoryURL = "https://github.com/yandexmobile/metrica-sdk-ios.git";
			requirement = {
				kind = upToNextMajorVersion;
				minimumVersion = 4.5.2;
			};
		};
		78D2B9EF2C53FD02003AFD36 /* XCRemoteSwiftPackageReference "ApphudSDK" */ = {
			isa = XCRemoteSwiftPackageReference;
			repositoryURL = "https://github.com/apphud/ApphudSDK.git";
			requirement = {
				kind = upToNextMajorVersion;
				minimumVersion = 3.4.0;
			};
		};
/* End XCRemoteSwiftPackageReference section */

/* Begin XCSwiftPackageProductDependency section */
		78D2B9EB2C53FCEF003AFD36 /* YandexMobileMetrica */ = {
			isa = XCSwiftPackageProductDependency;
			package = 78D2B9EA2C53FCEF003AFD36 /* XCRemoteSwiftPackageReference "metrica-sdk-ios" */;
			productName = YandexMobileMetrica;
		};
		78D2B9ED2C53FCEF003AFD36 /* YandexMobileMetricaCrashes */ = {
			isa = XCSwiftPackageProductDependency;
			package = 78D2B9EA2C53FCEF003AFD36 /* XCRemoteSwiftPackageReference "metrica-sdk-ios" */;
			productName = YandexMobileMetricaCrashes;
		};
		78D2B9F02C53FD02003AFD36 /* ApphudSDK */ = {
			isa = XCSwiftPackageProductDependency;
			package = 78D2B9EF2C53FD02003AFD36 /* XCRemoteSwiftPackageReference "ApphudSDK" */;
			productName = ApphudSDK;
		};
/* End XCSwiftPackageProductDependency section */

/* Begin XCVersionGroup section */
		78B38DF02C47E1E000DD1121 /* CoreModel.xcdatamodeld */ = {
			isa = XCVersionGroup;
			children = (
				78B38DF12C47E1E000DD1121 /* CoreModel.xcdatamodel */,
			);
			currentVersion = 78B38DF12C47E1E000DD1121 /* CoreModel.xcdatamodel */;
			name = CoreModel.xcdatamodeld;
			path = /Users/igor/Documents/Applications/App544/App544/Project/Extensions/CoreModel.xcdatamodeld;
			sourceTree = "<group>";
			versionGroupType = wrapper.xcdatamodel;
		};
/* End XCVersionGroup section */
	};
	rootObject = 78B38DAB2C47DA9500DD1121 /* Project object */;
}
